
Microsoft Visual Studio Solution File, Format Version 12.00
# Visual Studio 15
VisualStudioVersion = 15.0.28010.2046
MinimumVisualStudioVersion = 10.0.40219.1
Project("{FAE04EC0-301F-11D3-BF4B-00C04F79EFBC}") = "CigServerConsole", "CigServerConsole\CigServerConsole.csproj", "{B6BD871C-70CB-4D13-B26C-D744B10435C5}"
EndProject
Global
	GlobalSection(SolutionConfigurationPlatforms) = preSolution
		Debug|Any CPU = Debug|Any CPU
		Release|Any CPU = Release|Any CPU
	EndGlobalSection
	GlobalSection(ProjectConfigurationPlatforms) = postSolution
		{B6BD871C-70CB-4D13-B26C-D744B10435C5}.Debug|Any CPU.ActiveCfg = Debug|Any CPU
		{B6BD871C-70CB-4D13-B26C-D744B10435C5}.Debug|Any CPU.Build.0 = Debug|Any CPU
		{B6BD871C-70CB-4D13-B26C-D744B10435C5}.Release|Any CPU.ActiveCfg = Release|Any CPU
		{B6BD871C-70CB-4D13-B26C-D744B10435C5}.Release|Any CPU.Build.0 = Release|Any CPU
	EndGlobalSection
	GlobalSection(SolutionProperties) = preSolution
		HideSolutionNode = FALSE
	EndGlobalSection
	GlobalSection(ExtensibilityGlobals) = postSolution
		SolutionGuid = {CC9AD84F-0A5A-4CFC-9E8F-2F0FD89C0F8D}
	EndGlobalSection
EndGlobal
